
Microsoft Visual Studio Solution File, Format Version 12.00
# Visual Studio Version 17
VisualStudioVersion = 17.9.34622.214
MinimumVisualStudioVersion = 10.0.40219.1
Project("{FAE04EC0-301F-11D3-BF4B-00C04F79EFBC}") = "ConsoleApp3", "ConsoleApp3\ConsoleApp3.csproj", "{CE04A160-0FFC-491E-B9D4-94780D8ED243}"
EndProject
Global
	GlobalSection(SolutionConfigurationPlatforms) = preSolution
		Debug|Any CPU = Debug|Any CPU
		Release|Any CPU = Release|Any CPU
	EndGlobalSection
	GlobalSection(ProjectConfigurationPlatforms) = postSolution
		{CE04A160-0FFC-491E-B9D4-94780D8ED243}.Debug|Any CPU.ActiveCfg = Debug|Any CPU
		{CE04A160-0FFC-491E-B9D4-94780D8ED243}.Debug|Any CPU.Build.0 = Debug|Any CPU
		{CE04A160-0FFC-491E-B9D4-94780D8ED243}.Release|Any CPU.ActiveCfg = Release|Any CPU
		{CE04A160-0FFC-491E-B9D4-94780D8ED243}.Release|Any CPU.Build.0 = Release|Any CPU
	EndGlobalSection
	GlobalSection(SolutionProperties) = preSolution
		HideSolutionNode = FALSE
	EndGlobalSection
	GlobalSection(ExtensibilityGlobals) = postSolution
		SolutionGuid = {A310E9F8-5E5A-4D96-B8DD-7734B5FDDAE6}
	EndGlobalSection
EndGlobal
